{
  "name": "NovaSystem",
  "lockfileVersion": 3,
  "requires": true,
  "packages": {
    "": {
      "dependencies": {
        "pocketbase": "^0.21.1"
      }
    },
    "node_modules/pocketbase": {
      "version": "0.21.1",
      "resolved": "https://registry.npmjs.org/pocketbase/-/pocketbase-0.21.1.tgz",
      "integrity": "sha512-0PvCP4pKtxsV9kwldEGyibEvhwOcx9jSCrz3WN5CgPILJfM0z76f1op9WE8/8UgikDsMdRsc5iBLfKintrJS1g=="
    }
  }
}
